
Microsoft Visual Studio Solution File, Format Version 12.00
# Visual Studio 15
Project("{FAE04EC0-301F-11D3-BF4B-00C04F79EFBC}") = "custom level", "Assembly-CSharp.csproj", "{21C446FF-FD72-9DE0-20F8-D0F957018183}"
EndProject
Project("{FAE04EC0-301F-11D3-BF4B-00C04F79EFBC}") = "custom level", "Assembly-CSharp-firstpass.csproj", "{C1DEDC8E-F703-DC68-8112-A77D3D150842}"
EndProject
Project("{FAE04EC0-301F-11D3-BF4B-00C04F79EFBC}") = "custom level", "Assembly-CSharp-Editor-firstpass.csproj", "{9729D499-CA12-7743-E793-E782F85B0D6C}"
EndProject
Project("{FAE04EC0-301F-11D3-BF4B-00C04F79EFBC}") = "custom level", "Assembly-CSharp-Editor.csproj", "{5E7F55C0-FF9E-3759-3F40-85A990D9AC3E}"
EndProject
Global
	GlobalSection(SolutionConfigurationPlatforms) = preSolution
		Debug|Any CPU = Debug|Any CPU
		Release|Any CPU = Release|Any CPU
	EndGlobalSection
	GlobalSection(ProjectConfigurationPlatforms) = postSolution
		{21C446FF-FD72-9DE0-20F8-D0F957018183}.Debug|Any CPU.ActiveCfg = Debug|Any CPU
		{21C446FF-FD72-9DE0-20F8-D0F957018183}.Debug|Any CPU.Build.0 = Debug|Any CPU
		{21C446FF-FD72-9DE0-20F8-D0F957018183}.Release|Any CPU.ActiveCfg = Release|Any CPU
		{21C446FF-FD72-9DE0-20F8-D0F957018183}.Release|Any CPU.Build.0 = Release|Any CPU
		{C1DEDC8E-F703-DC68-8112-A77D3D150842}.Debug|Any CPU.ActiveCfg = Debug|Any CPU
		{C1DEDC8E-F703-DC68-8112-A77D3D150842}.Debug|Any CPU.Build.0 = Debug|Any CPU
		{C1DEDC8E-F703-DC68-8112-A77D3D150842}.Release|Any CPU.ActiveCfg = Release|Any CPU
		{C1DEDC8E-F703-DC68-8112-A77D3D150842}.Release|Any CPU.Build.0 = Release|Any CPU
		{9729D499-CA12-7743-E793-E782F85B0D6C}.Debug|Any CPU.ActiveCfg = Debug|Any CPU
		{9729D499-CA12-7743-E793-E782F85B0D6C}.Debug|Any CPU.Build.0 = Debug|Any CPU
		{9729D499-CA12-7743-E793-E782F85B0D6C}.Release|Any CPU.ActiveCfg = Release|Any CPU
		{9729D499-CA12-7743-E793-E782F85B0D6C}.Release|Any CPU.Build.0 = Release|Any CPU
		{5E7F55C0-FF9E-3759-3F40-85A990D9AC3E}.Debug|Any CPU.ActiveCfg = Debug|Any CPU
		{5E7F55C0-FF9E-3759-3F40-85A990D9AC3E}.Debug|Any CPU.Build.0 = Debug|Any CPU
		{5E7F55C0-FF9E-3759-3F40-85A990D9AC3E}.Release|Any CPU.ActiveCfg = Release|Any CPU
		{5E7F55C0-FF9E-3759-3F40-85A990D9AC3E}.Release|Any CPU.Build.0 = Release|Any CPU
	EndGlobalSection
	GlobalSection(SolutionProperties) = preSolution
		HideSolutionNode = FALSE
	EndGlobalSection
EndGlobal
